
Microsoft Visual Studio Solution File, Format Version 12.00
# Visual Studio Version 16
VisualStudioVersion = 16.0.29613.14
MinimumVisualStudioVersion = 10.0.40219.1
Project("{FAE04EC0-301F-11D3-BF4B-00C04F79EFBC}") = "PDFviewer", "PDFviewer\PDFviewer.csproj", "{17226DAE-625D-4D39-9F15-7241920FB95C}"
EndProject
Global
	GlobalSection(SolutionConfigurationPlatforms) = preSolution
		Debug|Any CPU = Debug|Any CPU
		Release|Any CPU = Release|Any CPU
	EndGlobalSection
	GlobalSection(ProjectConfigurationPlatforms) = postSolution
		{17226DAE-625D-4D39-9F15-7241920FB95C}.Debug|Any CPU.ActiveCfg = Debug|Any CPU
		{17226DAE-625D-4D39-9F15-7241920FB95C}.Debug|Any CPU.Build.0 = Debug|Any CPU
		{17226DAE-625D-4D39-9F15-7241920FB95C}.Release|Any CPU.ActiveCfg = Release|Any CPU
		{17226DAE-625D-4D39-9F15-7241920FB95C}.Release|Any CPU.Build.0 = Release|Any CPU
	EndGlobalSection
	GlobalSection(SolutionProperties) = preSolution
		HideSolutionNode = FALSE
	EndGlobalSection
	GlobalSection(ExtensibilityGlobals) = postSolution
		SolutionGuid = {80DE9B03-404F-4E0B-8DEE-8773FF99CCF0}
	EndGlobalSection
EndGlobal
